PODS:
  - MBProgressHUD (1.2.0)
  - MSYCategory (0.1.0):
    - MBProgressHUD (~> 1.2.0)

DEPENDENCIES:
  - MSYCategory (from `../`)

SPEC REPOS:
  trunk:
    - MBProgressHUD

EXTERNAL SOURCES:
  MSYCategory:
    :path: "../"

SPEC CHECKSUMS:
  MBProgressHUD: 3ee5efcc380f6a79a7cc9b363dd669c5e1ae7406
  MSYCategory: a0e68da6b937fb769cc29ded23a2e6abc87b1de3

PODFILE CHECKSUM: 8e2c937a77e3769a1f58f0820e572126e07c9edd

COCOAPODS: 1.10.1
